
Microsoft Visual Studio Solution File, Format Version 12.00
# Visual Studio Version 16
VisualStudioVersion = 16.0.29409.12
MinimumVisualStudioVersion = 10.0.40219.1
Project("{FAE04EC0-301F-11D3-BF4B-00C04F79EFBC}") = "HelloWorld", "HelloWorld\HelloWorld.csproj", "{379E717E-8E1C-4510-8F18-DAE547A8C2DB}"
EndProject
Global
	GlobalSection(SolutionConfigurationPlatforms) = preSolution
		Debug|Any CPU = Debug|Any CPU
		Release|Any CPU = Release|Any CPU
	EndGlobalSection
	GlobalSection(ProjectConfigurationPlatforms) = postSolution
		{379E717E-8E1C-4510-8F18-DAE547A8C2DB}.Debug|Any CPU.ActiveCfg = Debug|Any CPU
		{379E717E-8E1C-4510-8F18-DAE547A8C2DB}.Debug|Any CPU.Build.0 = Debug|Any CPU
		{379E717E-8E1C-4510-8F18-DAE547A8C2DB}.Release|Any CPU.ActiveCfg = Release|Any CPU
		{379E717E-8E1C-4510-8F18-DAE547A8C2DB}.Release|Any CPU.Build.0 = Release|Any CPU
	EndGlobalSection
	GlobalSection(SolutionProperties) = preSolution
		HideSolutionNode = FALSE
	EndGlobalSection
	GlobalSection(ExtensibilityGlobals) = postSolution
		SolutionGuid = {176FE465-2F6A-4AAC-A644-63C64F294067}
	EndGlobalSection
EndGlobal
